// !$*UTF8*$!
{
	archiveVersion = 1;
	classes = {
	};
	objectVersion = 77;
	objects = {

/* Begin PBXContainerItemProxy section */
		1263B4BB2DCCC204007CB782 /* PBXContainerItemProxy */ = {
			isa = PBXContainerItemProxy;
			containerPortal = 1263B4A52DCCC203007CB782 /* Project object */;
			proxyType = 1;
			remoteGlobalIDString = 1263B4AC2DCCC203007CB782;
			remoteInfo = MakeDiscordCloneCoding;
		};
		1263B4C52DCCC204007CB782 /* PBXContainerItemProxy */ = {
			isa = PBXContainerItemProxy;
			containerPortal = 1263B4A52DCCC203007CB782 /* Project object */;
			proxyType = 1;
			remoteGlobalIDString = 1263B4AC2DCCC203007CB782;
			remoteInfo = MakeDiscordCloneCoding;
		};
/* End PBXContainerItemProxy section */

/* Begin PBXFileReference section */
		1263B4AD2DCCC203007CB782 /* MakeDiscordCloneCoding.app */ = {isa = PBXFileReference; explicitFileType = wrapper.application; includeInIndex = 0; path = MakeDiscordCloneCoding.app; sourceTree = BUILT_PRODUCTS_DIR; };
		1263B4BA2DCCC204007CB782 /* MakeDiscordCloneCodingTests.xctest */ = {isa = PBXFileReference; explicitFileType = wrapper.cfbundle; includeInIndex = 0; path = MakeDiscordCloneCodingTests.xctest; sourceTree = BUILT_PRODUCTS_DIR; };
		1263B4C42DCCC204007CB782 /* MakeDiscordCloneCodingUITests.xctest */ = {isa = PBXFileReference; explicitFileType = wrapper.cfbundle; includeInIndex = 0; path = MakeDiscordCloneCodingUITests.xctest; sourceTree = BUILT_PRODUCTS_DIR; };
/* End PBXFileReference section */

/* Begin PBXFileSystemSynchronizedRootGroup section */
		1263B4AF2DCCC203007CB782 /* MakeDiscordCloneCoding */ = {
			isa = PBXFileSystemSynchronizedRootGroup;
			path = MakeDiscordCloneCoding;
			sourceTree = "<group>";
		};
		1263B4BD2DCCC204007CB782 /* MakeDiscordCloneCodingTests */ = {
			isa = PBXFileSystemSynchronizedRootGroup;
			path = MakeDiscordCloneCodingTests;
			sourceTree = "<group>";
		};
		1263B4C72DCCC204007CB782 /* MakeDiscordCloneCodingUITests */ = {
			isa = PBXFileSystemSynchronizedRootGroup;
			path = MakeDiscordCloneCodingUITests;
			sourceTree = "<group>";
		};
/* End PBXFileSystemSynchronizedRootGroup section */

/* Begin PBXFrameworksBuildPhase section */
		1263B4AA2DCCC203007CB782 /* Frameworks */ = {
			isa = PBXFrameworksBuildPhase;
			buildActionMask = 2147483647;
			files = (
			);
			runOnlyForDeploymentPostprocessing = 0;
		};
		1263B4B72DCCC204007CB782 /* Frameworks */ = {
			isa = PBXFrameworksBuildPhase;
			buildActionMask = 2147483647;
			files = (
			);
			runOnlyForDeploymentPostprocessing = 0;
		};
		1263B4C12DCCC204007CB782 /* Frameworks */ = {
			isa = PBXFrameworksBuildPhase;
			buildActionMask = 2147483647;
			files = (
			);
			runOnlyForDeploymentPostprocessing = 0;
		};
/* End PBXFrameworksBuildPhase section */

/* Begin PBXGroup section */
		1263B4A42DCCC203007CB782 = {
			isa = PBXGroup;
			children = (
				1263B4AF2DCCC203007CB782 /* MakeDiscordCloneCoding */,
				1263B4BD2DCCC204007CB782 /* MakeDiscordCloneCodingTests */,
				1263B4C72DCCC204007CB782 /* MakeDiscordCloneCodingUITests */,
				1263B4AE2DCCC203007CB782 /* Products */,
			);
			sourceTree = "<group>";
		};
		1263B4AE2DCCC203007CB782 /* Products */ = {
			isa = PBXGroup;
			children = (
				1263B4AD2DCCC203007CB782 /* MakeDiscordCloneCoding.app */,
				1263B4BA2DCCC204007CB782 /* MakeDiscordCloneCodingTests.xctest */,
				1263B4C42DCCC204007CB782 /* MakeDiscordCloneCodingUITests.xctest */,
			);
			name = Products;
			sourceTree = "<group>";
		};
/* End PBXGroup section */

/* Begin PBXNativeTarget section */
		1263B4AC2DCCC203007CB782 /* MakeDiscordCloneCoding */ = {
			isa = PBXNativeTarget;
			buildConfigurationList = 1263B4CE2DCCC204007CB782 /* Build configuration list for PBXNativeTarget "MakeDiscordCloneCoding" */;
			buildPhases = (
				1263B4A92DCCC203007CB782 /* Sources */,
				1263B4AA2DCCC203007CB782 /* Frameworks */,
				1263B4AB2DCCC203007CB782 /* Resources */,
			);
			buildRules = (
			);
			dependencies = (
			);
			fileSystemSynchronizedGroups = (
				1263B4AF2DCCC203007CB782 /* MakeDiscordCloneCoding */,
			);
			name = MakeDiscordCloneCoding;
			packageProductDependencies = (
			);
			productName = MakeDiscordCloneCoding;
			productReference = 1263B4AD2DCCC203007CB782 /* MakeDiscordCloneCoding.app */;
			productType = "com.apple.product-type.application";
		};
		1263B4B92DCCC204007CB782 /* MakeDiscordCloneCodingTests */ = {
			isa = PBXNativeTarget;
			buildConfigurationList = 1263B4D12DCCC204007CB782 /* Build configuration list for PBXNativeTarget "MakeDiscordCloneCodingTests" */;
			buildPhases = (
				1263B4B62DCCC204007CB782 /* Sources */,
				1263B4B72DCCC204007CB782 /* Frameworks */,
				1263B4B82DCCC204007CB782 /* Resources */,
			);
			buildRules = (
			);
			dependencies = (
				1263B4BC2DCCC204007CB782 /* PBXTargetDependency */,
			);
			fileSystemSynchronizedGroups = (
				1263B4BD2DCCC204007CB782 /* MakeDiscordCloneCodingTests */,
			);
			name = MakeDiscordCloneCodingTests;
			packageProductDependencies = (
			);
			productName = MakeDiscordCloneCodingTests;
			productReference = 1263B4BA2DCCC204007CB782 /* MakeDiscordCloneCodingTests.xctest */;
			productType = "com.apple.product-type.bundle.unit-test";
		};
		1263B4C32DCCC204007CB782 /* MakeDiscordCloneCodingUITests */ = {
			isa = PBXNativeTarget;
			buildConfigurationList = 1263B4D42DCCC204007CB782 /* Build configuration list for PBXNativeTarget "MakeDiscordCloneCodingUITests" */;
			buildPhases = (
				1263B4C02DCCC204007CB782 /* Sources */,
				1263B4C12DCCC204007CB782 /* Frameworks */,
				1263B4C22DCCC204007CB782 /* Resources */,
			);
			buildRules = (
			);
			dependencies = (
				1263B4C62DCCC204007CB782 /* PBXTargetDependency */,
			);
			fileSystemSynchronizedGroups = (
				1263B4C72DCCC204007CB782 /* MakeDiscordCloneCodingUITests */,
			);
			name = MakeDiscordCloneCodingUITests;
			packageProductDependencies = (
			);
			productName = MakeDiscordCloneCodingUITests;
			productReference = 1263B4C42DCCC204007CB782 /* MakeDiscordCloneCodingUITests.xctest */;
			productType = "com.apple.product-type.bundle.ui-testing";
		};
/* End PBXNativeTarget section */

/* Begin PBXProject section */
		1263B4A52DCCC203007CB782 /* Project object */ = {
			isa = PBXProject;
			attributes = {
				BuildIndependentTargetsInParallel = 1;
				LastSwiftUpdateCheck = 1630;
				LastUpgradeCheck = 1630;
				TargetAttributes = {
					1263B4AC2DCCC203007CB782 = {
						CreatedOnToolsVersion = 16.3;
					};
					1263B4B92DCCC204007CB782 = {
						CreatedOnToolsVersion = 16.3;
						TestTargetID = 1263B4AC2DCCC203007CB782;
					};
					1263B4C32DCCC204007CB782 = {
						CreatedOnToolsVersion = 16.3;
						TestTargetID = 1263B4AC2DCCC203007CB782;
					};
				};
			};
			buildConfigurationList = 1263B4A82DCCC203007CB782 /* Build configuration list for PBXProject "MakeDiscordCloneCoding" */;
			developmentRegion = en;
			hasScannedForEncodings = 0;
			knownRegions = (
				en,
				Base,
			);
			mainGroup = 1263B4A42DCCC203007CB782;
			minimizedProjectReferenceProxies = 1;
			preferredProjectObjectVersion = 77;
			productRefGroup = 1263B4AE2DCCC203007CB782 /* Products */;
			projectDirPath = "";
			projectRoot = "";
			targets = (
				1263B4AC2DCCC203007CB782 /* MakeDiscordCloneCoding */,
				1263B4B92DCCC204007CB782 /* MakeDiscordCloneCodingTests */,
				1263B4C32DCCC204007CB782 /* MakeDiscordCloneCodingUITests */,
			);
		};
/* End PBXProject section */

/* Begin PBXResourcesBuildPhase section */
		1263B4AB2DCCC203007CB782 /* Resources */ = {
			isa = PBXResourcesBuildPhase;
			buildActionMask = 2147483647;
			files = (
			);
			runOnlyForDeploymentPostprocessing = 0;
		};
		1263B4B82DCCC204007CB782 /* Resources */ = {
			isa = PBXResourcesBuildPhase;
			buildActionMask = 2147483647;
			files = (
			);
			runOnlyForDeploymentPostprocessing = 0;
		};
		1263B4C22DCCC204007CB782 /* Resources */ = {
			isa = PBXResourcesBuildPhase;
			buildActionMask = 2147483647;
			files = (
			);
			runOnlyForDeploymentPostprocessing = 0;
		};
/* End PBXResourcesBuildPhase section */

/* Begin PBXSourcesBuildPhase section */
		1263B4A92DCCC203007CB782 /* Sources */ = {
			isa = PBXSourcesBuildPhase;
			buildActionMask = 2147483647;
			files = (
			);
			runOnlyForDeploymentPostprocessing = 0;
		};
		1263B4B62DCCC204007CB782 /* Sources */ = {
			isa = PBXSourcesBuildPhase;
			buildActionMask = 2147483647;
			files = (
			);
			runOnlyForDeploymentPostprocessing = 0;
		};
		1263B4C02DCCC204007CB782 /* Sources */ = {
			isa = PBXSourcesBuildPhase;
			buildActionMask = 2147483647;
			files = (
			);
			runOnlyForDeploymentPostprocessing = 0;
		};
/* End PBXSourcesBuildPhase section */

/* Begin PBXTargetDependency section */
		1263B4BC2DCCC204007CB782 /* PBXTargetDependency */ = {
			isa = PBXTargetDependency;
			target = 1263B4AC2DCCC203007CB782 /* MakeDiscordCloneCoding */;
			targetProxy = 1263B4BB2DCCC204007CB782 /* PBXContainerItemProxy */;
		};
		1263B4C62DCCC204007CB782 /* PBXTargetDependency */ = {
			isa = PBXTargetDependency;
			target = 1263B4AC2DCCC203007CB782 /* MakeDiscordCloneCoding */;
			targetProxy = 1263B4C52DCCC204007CB782 /* PBXContainerItemProxy */;
		};
/* End PBXTargetDependency section */

/* Begin XCBuildConfiguration section */
		1263B4CC2DCCC204007CB782 /* Debug */ = {
			isa = XCBuildConfiguration;
			buildSettings = {
				ALWAYS_SEARCH_USER_PATHS = NO;
				ASSETCATALOG_COMPILER_GENERATE_SWIFT_ASSET_SYMBOL_EXTENSIONS = YES;
				CLANG_ANALYZER_NONNULL = YES;
				CLANG_ANALYZER_NUMBER_OBJECT_CONVERSION = YES_AGGRESSIVE;
				CLANG_CXX_LANGUAGE_STANDARD = "gnu++20";
				CLANG_ENABLE_MODULES = YES;
				CLANG_ENABLE_OBJC_ARC = YES;
				CLANG_ENABLE_OBJC_WEAK = YES;
				CLANG_WARN_BLOCK_CAPTURE_AUTORELEASING = YES;
				CLANG_WARN_BOOL_CONVERSION = YES;
				CLANG_WARN_COMMA = YES;
				CLANG_WARN_CONSTANT_CONVERSION = YES;
				CLANG_WARN_DEPRECATED_OBJC_IMPLEMENTATIONS = YES;
				CLANG_WARN_DIRECT_OBJC_ISA_USAGE = YES_ERROR;
				CLANG_WARN_DOCUMENTATION_COMMENTS = YES;
				CLANG_WARN_EMPTY_BODY = YES;
				CLANG_WARN_ENUM_CONVERSION = YES;
				CLANG_WARN_INFINITE_RECURSION = YES;
				CLANG_WARN_INT_CONVERSION = YES;
				CLANG_WARN_NON_LITERAL_NULL_CONVERSION = YES;
				CLANG_WARN_OBJC_IMPLICIT_RETAIN_SELF = YES;
				CLANG_WARN_OBJC_LITERAL_CONVERSION = YES;
				CLANG_WARN_OBJC_ROOT_CLASS = YES_ERROR;
				CLANG_WARN_QUOTED_INCLUDE_IN_FRAMEWORK_HEADER = YES;
				CLANG_WARN_RANGE_LOOP_ANALYSIS = YES;
				CLANG_WARN_STRICT_PROTOTYPES = YES;
				CLANG_WARN_SUSPICIOUS_MOVE = YES;
				CLANG_WARN_UNGUARDED_AVAILABILITY = YES_AGGRESSIVE;
				CLANG_WARN_UNREACHABLE_CODE = YES;
				CLANG_WARN__DUPLICATE_METHOD_MATCH = YES;
				COPY_PHASE_STRIP = NO;
				DEBUG_INFORMATION_FORMAT = dwarf;
				ENABLE_STRICT_OBJC_MSGSEND = YES;
				ENABLE_TESTABILITY = YES;
				ENABLE_USER_SCRIPT_SANDBOXING = YES;
				GCC_C_LANGUAGE_STANDARD = gnu17;
				GCC_DYNAMIC_NO_PIC = NO;
				GCC_NO_COMMON_BLOCKS = YES;
				GCC_OPTIMIZATION_LEVEL = 0;
				GCC_PREPROCESSOR_DEFINITIONS = (
					"DEBUG=1",
					"$(inherited)",
				);
				GCC_WARN_64_TO_32_BIT_CONVERSION = YES;
				GCC_WARN_ABOUT_RETURN_TYPE = YES_ERROR;
				GCC_WARN_UNDECLARED_SELECTOR = YES;
				GCC_WARN_UNINITIALIZED_AUTOS = YES_AGGRESSIVE;
				GCC_WARN_UNUSED_FUNCTION = YES;
				GCC_WARN_UNUSED_VARIABLE = YES;
				IPHONEOS_DEPLOYMENT_TARGET = 18.4;
				LOCALIZATION_PREFERS_STRING_CATALOGS = YES;
				MTL_ENABLE_DEBUG_INFO = INCLUDE_SOURCE;
				MTL_FAST_MATH = YES;
				ONLY_ACTIVE_ARCH = YES;
				SDKROOT = iphoneos;
				SWIFT_ACTIVE_COMPILATION_CONDITIONS = "DEBUG $(inherited)";
				SWIFT_OPTIMIZATION_LEVEL = "-Onone";
			};
			name = Debug;
		};
		1263B4CD2DCCC204007CB782 /* Release */ = {
			isa = XCBuildConfiguration;
			buildSettings = {
				ALWAYS_SEARCH_USER_PATHS = NO;
				ASSETCATALOG_COMPILER_GENERATE_SWIFT_ASSET_SYMBOL_EXTENSIONS = YES;
				CLANG_ANALYZER_NONNULL = YES;
				CLANG_ANALYZER_NUMBER_OBJECT_CONVERSION = YES_AGGRESSIVE;
				CLANG_CXX_LANGUAGE_STANDARD = "gnu++20";
				CLANG_ENABLE_MODULES = YES;
				CLANG_ENABLE_OBJC_ARC = YES;
				CLANG_ENABLE_OBJC_WEAK = YES;
				CLANG_WARN_BLOCK_CAPTURE_AUTORELEASING = YES;
				CLANG_WARN_BOOL_CONVERSION = YES;
				CLANG_WARN_COMMA = YES;
				CLANG_WARN_CONSTANT_CONVERSION = YES;
				CLANG_WARN_DEPRECATED_OBJC_IMPLEMENTATIONS = YES;
				CLANG_WARN_DIRECT_OBJC_ISA_USAGE = YES_ERROR;
				CLANG_WARN_DOCUMENTATION_COMMENTS = YES;
				CLANG_WARN_EMPTY_BODY = YES;
				CLANG_WARN_ENUM_CONVERSION = YES;
				CLANG_WARN_INFINITE_RECURSION = YES;
				CLANG_WARN_INT_CONVERSION = YES;
				CLANG_WARN_NON_LITERAL_NULL_CONVERSION = YES;
				CLANG_WARN_OBJC_IMPLICIT_RETAIN_SELF = YES;
				CLANG_WARN_OBJC_LITERAL_CONVERSION = YES;
				CLANG_WARN_OBJC_ROOT_CLASS = YES_ERROR;
				CLANG_WARN_QUOTED_INCLUDE_IN_FRAMEWORK_HEADER = YES;
				CLANG_WARN_RANGE_LOOP_ANALYSIS = YES;
				CLANG_WARN_STRICT_PROTOTYPES = YES;
				CLANG_WARN_SUSPICIOUS_MOVE = YES;
				CLANG_WARN_UNGUARDED_AVAILABILITY = YES_AGGRESSIVE;
				CLANG_WARN_UNREACHABLE_CODE = YES;
				CLANG_WARN__DUPLICATE_METHOD_MATCH = YES;
				COPY_PHASE_STRIP = NO;
				DEBUG_INFORMATION_FORMAT = "dwarf-with-dsym";
				ENABLE_NS_ASSERTIONS = NO;
				ENABLE_STRICT_OBJC_MSGSEND = YES;
				ENABLE_USER_SCRIPT_SANDBOXING = YES;
				GCC_C_LANGUAGE_STANDARD = gnu17;
				GCC_NO_COMMON_BLOCKS = YES;
				GCC_WARN_64_TO_32_BIT_CONVERSION = YES;
				GCC_WARN_ABOUT_RETURN_TYPE = YES_ERROR;
				GCC_WARN_UNDECLARED_SELECTOR = YES;
				GCC_WARN_UNINITIALIZED_AUTOS = YES_AGGRESSIVE;
				GCC_WARN_UNUSED_FUNCTION = YES;
				GCC_WARN_UNUSED_VARIABLE = YES;
				IPHONEOS_DEPLOYMENT_TARGET = 18.4;
				LOCALIZATION_PREFERS_STRING_CATALOGS = YES;
				MTL_ENABLE_DEBUG_INFO = NO;
				MTL_FAST_MATH = YES;
				SDKROOT = iphoneos;
				SWIFT_COMPILATION_MODE = wholemodule;
				VALIDATE_PRODUCT = YES;
			};
			name = Release;
		};
		1263B4CF2DCCC204007CB782 /* Debug */ = {
			isa = XCBuildConfiguration;
			buildSettings = {
				ASSETCATALOG_COMPILER_APPICON_NAME = AppIcon;
				ASSETCATALOG_COMPILER_GLOBAL_ACCENT_COLOR_NAME = AccentColor;
				CODE_SIGN_STYLE = Automatic;
				CURRENT_PROJECT_VERSION = 1;
				ENABLE_PREVIEWS = YES;
				GENERATE_INFOPLIST_FILE = YES;
				INFOPLIST_KEY_UIApplicationSceneManifest_Generation = YES;
				INFOPLIST_KEY_UIApplicationSupportsIndirectInputEvents = YES;
				INFOPLIST_KEY_UILaunchScreen_Generation = YES;
				INFOPLIST_KEY_UISupportedInterfaceOrientations_iPad = "UIInterfaceOrientationPortrait UIInterfaceOrientationPortraitUpsideDown UIInterfaceOrientationLandscapeLeft UIInterfaceOrientationLandscapeRight";
				INFOPLIST_KEY_UISupportedInterfaceOrientations_iPhone = "UIInterfaceOrientationPortrait UIInterfaceOrientationLandscapeLeft UIInterfaceOrientationLandscapeRight";
				LD_RUNPATH_SEARCH_PATHS = (
					"$(inherited)",
					"@executable_path/Frameworks",
				);
				MARKETING_VERSION = 1.0;
				PRODUCT_BUNDLE_IDENTIFIER = KawaiiCreature.MakeDiscordCloneCoding;
				PRODUCT_NAME = "$(TARGET_NAME)";
				SWIFT_EMIT_LOC_STRINGS = YES;
				SWIFT_VERSION = 5.0;
				TARGETED_DEVICE_FAMILY = "1,2";
			};
			name = Debug;
		};
		1263B4D02DCCC204007CB782 /* Release */ = {
			isa = XCBuildConfiguration;
			buildSettings = {
				ASSETCATALOG_COMPILER_APPICON_NAME = AppIcon;
				ASSETCATALOG_COMPILER_GLOBAL_ACCENT_COLOR_NAME = AccentColor;
				CODE_SIGN_STYLE = Automatic;
				CURRENT_PROJECT_VERSION = 1;
				ENABLE_PREVIEWS = YES;
				GENERATE_INFOPLIST_FILE = YES;
				INFOPLIST_KEY_UIApplicationSceneManifest_Generation = YES;
				INFOPLIST_KEY_UIApplicationSupportsIndirectInputEvents = YES;
				INFOPLIST_KEY_UILaunchScreen_Generation = YES;
				INFOPLIST_KEY_UISupportedInterfaceOrientations_iPad = "UIInterfaceOrientationPortrait UIInterfaceOrientationPortraitUpsideDown UIInterfaceOrientationLandscapeLeft UIInterfaceOrientationLandscapeRight";
				INFOPLIST_KEY_UISupportedInterfaceOrientations_iPhone = "UIInterfaceOrientationPortrait UIInterfaceOrientationLandscapeLeft UIInterfaceOrientationLandscapeRight";
				LD_RUNPATH_SEARCH_PATHS = (
					"$(inherited)",
					"@executable_path/Frameworks",
				);
				MARKETING_VERSION = 1.0;
				PRODUCT_BUNDLE_IDENTIFIER = KawaiiCreature.MakeDiscordCloneCoding;
				PRODUCT_NAME = "$(TARGET_NAME)";
				SWIFT_EMIT_LOC_STRINGS = YES;
				SWIFT_VERSION = 5.0;
				TARGETED_DEVICE_FAMILY = "1,2";
			};
			name = Release;
		};
		1263B4D22DCCC204007CB782 /* Debug */ = {
			isa = XCBuildConfiguration;
			buildSettings = {
				BUNDLE_LOADER = "$(TEST_HOST)";
				CODE_SIGN_STYLE = Automatic;
				CURRENT_PROJECT_VERSION = 1;
				GENERATE_INFOPLIST_FILE = YES;
				IPHONEOS_DEPLOYMENT_TARGET = 18.4;
				MARKETING_VERSION = 1.0;
				PRODUCT_BUNDLE_IDENTIFIER = KawaiiCreature.MakeDiscordCloneCodingTests;
				PRODUCT_NAME = "$(TARGET_NAME)";
				SWIFT_EMIT_LOC_STRINGS = NO;
				SWIFT_VERSION = 5.0;
				TARGETED_DEVICE_FAMILY = "1,2";
				TEST_HOST = "$(BUILT_PRODUCTS_DIR)/MakeDiscordCloneCoding.app/$(BUNDLE_EXECUTABLE_FOLDER_PATH)/MakeDiscordCloneCoding";
			};
			name = Debug;
		};
		1263B4D32DCCC204007CB782 /* Release */ = {
			isa = XCBuildConfiguration;
			buildSettings = {
				BUNDLE_LOADER = "$(TEST_HOST)";
				CODE_SIGN_STYLE = Automatic;
				CURRENT_PROJECT_VERSION = 1;
				GENERATE_INFOPLIST_FILE = YES;
				IPHONEOS_DEPLOYMENT_TARGET = 18.4;
				MARKETING_VERSION = 1.0;
				PRODUCT_BUNDLE_IDENTIFIER = KawaiiCreature.MakeDiscordCloneCodingTests;
				PRODUCT_NAME = "$(TARGET_NAME)";
				SWIFT_EMIT_LOC_STRINGS = NO;
				SWIFT_VERSION = 5.0;
				TARGETED_DEVICE_FAMILY = "1,2";
				TEST_HOST = "$(BUILT_PRODUCTS_DIR)/MakeDiscordCloneCoding.app/$(BUNDLE_EXECUTABLE_FOLDER_PATH)/MakeDiscordCloneCoding";
			};
			name = Release;
		};
		1263B4D52DCCC204007CB782 /* Debug */ = {
			isa = XCBuildConfiguration;
			buildSettings = {
				CODE_SIGN_STYLE = Automatic;
				CURRENT_PROJECT_VERSION = 1;
				GENERATE_INFOPLIST_FILE = YES;
				MARKETING_VERSION = 1.0;
				PRODUCT_BUNDLE_IDENTIFIER = KawaiiCreature.MakeDiscordCloneCodingUITests;
				PRODUCT_NAME = "$(TARGET_NAME)";
				SWIFT_EMIT_LOC_STRINGS = NO;
				SWIFT_VERSION = 5.0;
				TARGETED_DEVICE_FAMILY = "1,2";
				TEST_TARGET_NAME = MakeDiscordCloneCoding;
			};
			name = Debug;
		};
		1263B4D62DCCC204007CB782 /* Release */ = {
			isa = XCBuildConfiguration;
			buildSettings = {
				CODE_SIGN_STYLE = Automatic;
				CURRENT_PROJECT_VERSION = 1;
				GENERATE_INFOPLIST_FILE = YES;
				MARKETING_VERSION = 1.0;
				PRODUCT_BUNDLE_IDENTIFIER = KawaiiCreature.MakeDiscordCloneCodingUITests;
				PRODUCT_NAME = "$(TARGET_NAME)";
				SWIFT_EMIT_LOC_STRINGS = NO;
				SWIFT_VERSION = 5.0;
				TARGETED_DEVICE_FAMILY = "1,2";
				TEST_TARGET_NAME = MakeDiscordCloneCoding;
			};
			name = Release;
		};
/* End XCBuildConfiguration section */

/* Begin XCConfigurationList section */
		1263B4A82DCCC203007CB782 /* Build configuration list for PBXProject "MakeDiscordCloneCoding" */ = {
			isa = XCConfigurationList;
			buildConfigurations = (
				1263B4CC2DCCC204007CB782 /* Debug */,
				1263B4CD2DCCC204007CB782 /* Release */,
			);
			defaultConfigurationIsVisible = 0;
			defaultConfigurationName = Release;
		};
		1263B4CE2DCCC204007CB782 /* Build configuration list for PBXNativeTarget "MakeDiscordCloneCoding" */ = {
			isa = XCConfigurationList;
			buildConfigurations = (
				1263B4CF2DCCC204007CB782 /* Debug */,
				1263B4D02DCCC204007CB782 /* Release */,
			);
			defaultConfigurationIsVisible = 0;
			defaultConfigurationName = Release;
		};
		1263B4D12DCCC204007CB782 /* Build configuration list for PBXNativeTarget "MakeDiscordCloneCodingTests" */ = {
			isa = XCConfigurationList;
			buildConfigurations = (
				1263B4D22DCCC204007CB782 /* Debug */,
				1263B4D32DCCC204007CB782 /* Release */,
			);
			defaultConfigurationIsVisible = 0;
			defaultConfigurationName = Release;
		};
		1263B4D42DCCC204007CB782 /* Build configuration list for PBXNativeTarget "MakeDiscordCloneCodingUITests" */ = {
			isa = XCConfigurationList;
			buildConfigurations = (
				1263B4D52DCCC204007CB782 /* Debug */,
				1263B4D62DCCC204007CB782 /* Release */,
			);
			defaultConfigurationIsVisible = 0;
			defaultConfigurationName = Release;
		};
/* End XCConfigurationList section */
	};
	rootObject = 1263B4A52DCCC203007CB782 /* Project object */;
}
